// !$*UTF8*$!
{
	archiveVersion = 1;
	classes = {
	};
	objectVersion = 50;
	objects = {

/* Begin PBXBuildFile section */
		FA2D24B026420FFC00B0D16F /* AppDelegate.swift in Sources */ = {isa = PBXBuildFile; fileRef = FA2D24AF26420FFC00B0D16F /* AppDelegate.swift */; };
		FA2D24B226420FFC00B0D16F /* SceneDelegate.swift in Sources */ = {isa = PBXBuildFile; fileRef = FA2D24B126420FFC00B0D16F /* SceneDelegate.swift */; };
		FA2D24B426420FFC00B0D16F /* ViewController.swift in Sources */ = {isa = PBXBuildFile; fileRef = FA2D24B326420FFC00B0D16F /* ViewController.swift */; };
		FA2D24B726420FFC00B0D16F /* Main.storyboard in Resources */ = {isa = PBXBuildFile; fileRef = FA2D24B526420FFC00B0D16F /* Main.storyboard */; };
		FA2D24B926420FFE00B0D16F /* Assets.xcassets in Resources */ = {isa = PBXBuildFile; fileRef = FA2D24B826420FFE00B0D16F /* Assets.xcassets */; };
		FA2D24BC26420FFE00B0D16F /* LaunchScreen.storyboard in Resources */ = {isa = PBXBuildFile; fileRef = FA2D24BA26420FFE00B0D16F /* LaunchScreen.storyboard */; };
		FA2D24C726420FFE00B0D16F /* Fun_FitnessTests.swift in Sources */ = {isa = PBXBuildFile; fileRef = FA2D24C626420FFE00B0D16F /* Fun_FitnessTests.swift */; };
		FA2D24D226420FFE00B0D16F /* Fun_FitnessUITests.swift in Sources */ = {isa = PBXBuildFile; fileRef = FA2D24D126420FFE00B0D16F /* Fun_FitnessUITests.swift */; };
		FA2D24E32642111400B0D16F /* AddProfileViewController.swift in Sources */ = {isa = PBXBuildFile; fileRef = FA2D24E22642111400B0D16F /* AddProfileViewController.swift */; };
		FA2D24ED2642111F00B0D16F /* UserProfile.swift in Sources */ = {isa = PBXBuildFile; fileRef = FA2D24EA2642111F00B0D16F /* UserProfile.swift */; };
		FA2D24EE2642111F00B0D16F /* Calculations 2.swift in Sources */ = {isa = PBXBuildFile; fileRef = FA2D24EB2642111F00B0D16F /* Calculations 2.swift */; };
		FA2D24EF2642111F00B0D16F /* Calculations.swift in Sources */ = {isa = PBXBuildFile; fileRef = FA2D24EC2642111F00B0D16F /* Calculations.swift */; };
		FA3B37742643994800850991 /* ExerciseViewController.swift in Sources */ = {isa = PBXBuildFile; fileRef = FA3B37722643994800850991 /* ExerciseViewController.swift */; };
		FA66F9182643D39500FE6EE0 /* MyProfileViewController.swift in Sources */ = {isa = PBXBuildFile; fileRef = FA66F9172643D39500FE6EE0 /* MyProfileViewController.swift */; };
/* End PBXBuildFile section */

/* Begin PBXContainerItemProxy section */
		FA2D24C326420FFE00B0D16F /* PBXContainerItemProxy */ = {
			isa = PBXContainerItemProxy;
			containerPortal = FA2D24A426420FFB00B0D16F /* Project object */;
			proxyType = 1;
			remoteGlobalIDString = FA2D24AB26420FFC00B0D16F;
			remoteInfo = Fun_Fitness;
		};
		FA2D24CE26420FFE00B0D16F /* PBXContainerItemProxy */ = {
			isa = PBXContainerItemProxy;
			containerPortal = FA2D24A426420FFB00B0D16F /* Project object */;
			proxyType = 1;
			remoteGlobalIDString = FA2D24AB26420FFC00B0D16F;
			remoteInfo = Fun_Fitness;
		};
/* End PBXContainerItemProxy section */

/* Begin PBXFileReference section */
		FA2D24AC26420FFC00B0D16F /* Fun_Fitness.app */ = {isa = PBXFileReference; explicitFileType = wrapper.application; includeInIndex = 0; path = Fun_Fitness.app; sourceTree = BUILT_PRODUCTS_DIR; };
		FA2D24AF26420FFC00B0D16F /* AppDelegate.swift */ = {isa = PBXFileReference; lastKnownFileType = sourcecode.swift; path = AppDelegate.swift; sourceTree = "<group>"; };
		FA2D24B126420FFC00B0D16F /* SceneDelegate.swift */ = {isa = PBXFileReference; lastKnownFileType = sourcecode.swift; path = SceneDelegate.swift; sourceTree = "<group>"; };
		FA2D24B326420FFC00B0D16F /* ViewController.swift */ = {isa = PBXFileReference; lastKnownFileType = sourcecode.swift; path = ViewController.swift; sourceTree = "<group>"; };
		FA2D24B626420FFC00B0D16F /* Base */ = {isa = PBXFileReference; lastKnownFileType = file.storyboard; name = Base; path = Base.lproj/Main.storyboard; sourceTree = "<group>"; };
		FA2D24B826420FFE00B0D16F /* Assets.xcassets */ = {isa = PBXFileReference; lastKnownFileType = folder.assetcatalog; path = Assets.xcassets; sourceTree = "<group>"; };
		FA2D24BB26420FFE00B0D16F /* Base */ = {isa = PBXFileReference; lastKnownFileType = file.storyboard; name = Base; path = Base.lproj/LaunchScreen.storyboard; sourceTree = "<group>"; };
		FA2D24BD26420FFE00B0D16F /* Info.plist */ = {isa = PBXFileReference; lastKnownFileType = text.plist.xml; path = Info.plist; sourceTree = "<group>"; };
		FA2D24C226420FFE00B0D16F /* Fun_FitnessTests.xctest */ = {isa = PBXFileReference; explicitFileType = wrapper.cfbundle; includeInIndex = 0; path = Fun_FitnessTests.xctest; sourceTree = BUILT_PRODUCTS_DIR; };
		FA2D24C626420FFE00B0D16F /* Fun_FitnessTests.swift */ = {isa = PBXFileReference; lastKnownFileType = sourcecode.swift; path = Fun_FitnessTests.swift; sourceTree = "<group>"; };
		FA2D24C826420FFE00B0D16F /* Info.plist */ = {isa = PBXFileReference; lastKnownFileType = text.plist.xml; path = Info.plist; sourceTree = "<group>"; };
		FA2D24CD26420FFE00B0D16F /* Fun_FitnessUITests.xctest */ = {isa = PBXFileReference; explicitFileType = wrapper.cfbundle; includeInIndex = 0; path = Fun_FitnessUITests.xctest; sourceTree = BUILT_PRODUCTS_DIR; };
		FA2D24D126420FFE00B0D16F /* Fun_FitnessUITests.swift */ = {isa = PBXFileReference; lastKnownFileType = sourcecode.swift; path = Fun_FitnessUITests.swift; sourceTree = "<group>"; };
		FA2D24D326420FFE00B0D16F /* Info.plist */ = {isa = PBXFileReference; lastKnownFileType = text.plist.xml; path = Info.plist; sourceTree = "<group>"; };
		FA2D24E22642111400B0D16F /* AddProfileViewController.swift */ = {isa = PBXFileReference; fileEncoding = 4; lastKnownFileType = sourcecode.swift; path = AddProfileViewController.swift; sourceTree = "<group>"; };
		FA2D24EA2642111F00B0D16F /* UserProfile.swift */ = {isa = PBXFileReference; fileEncoding = 4; lastKnownFileType = sourcecode.swift; path = UserProfile.swift; sourceTree = "<group>"; };
		FA2D24EB2642111F00B0D16F /* Calculations 2.swift */ = {isa = PBXFileReference; fileEncoding = 4; lastKnownFileType = sourcecode.swift; path = "Calculations 2.swift"; sourceTree = "<group>"; };
		FA2D24EC2642111F00B0D16F /* Calculations.swift */ = {isa = PBXFileReference; fileEncoding = 4; lastKnownFileType = sourcecode.swift; path = Calculations.swift; sourceTree = "<group>"; };
		FA3B37722643994800850991 /* ExerciseViewController.swift */ = {isa = PBXFileReference; lastKnownFileType = sourcecode.swift; path = ExerciseViewController.swift; sourceTree = "<group>"; };
		FA66F9172643D39500FE6EE0 /* MyProfileViewController.swift */ = {isa = PBXFileReference; lastKnownFileType = sourcecode.swift; path = MyProfileViewController.swift; sourceTree = "<group>"; };
/* End PBXFileReference section */

/* Begin PBXFrameworksBuildPhase section */
		FA2D24A926420FFC00B0D16F /* Frameworks */ = {
			isa = PBXFrameworksBuildPhase;
			buildActionMask = 2147483647;
			files = (
			);
			runOnlyForDeploymentPostprocessing = 0;
		};
		FA2D24BF26420FFE00B0D16F /* Frameworks */ = {
			isa = PBXFrameworksBuildPhase;
			buildActionMask = 2147483647;
			files = (
			);
			runOnlyForDeploymentPostprocessing = 0;
		};
		FA2D24CA26420FFE00B0D16F /* Frameworks */ = {
			isa = PBXFrameworksBuildPhase;
			buildActionMask = 2147483647;
			files = (
			);
			runOnlyForDeploymentPostprocessing = 0;
		};
/* End PBXFrameworksBuildPhase section */

/* Begin PBXGroup section */
		FA2D24A326420FFB00B0D16F = {
			isa = PBXGroup;
			children = (
				FA2D24AE26420FFC00B0D16F /* Fun_Fitness */,
				FA2D24C526420FFE00B0D16F /* Fun_FitnessTests */,
				FA2D24D026420FFE00B0D16F /* Fun_FitnessUITests */,
				FA2D24AD26420FFC00B0D16F /* Products */,
			);
			sourceTree = "<group>";
		};
		FA2D24AD26420FFC00B0D16F /* Products */ = {
			isa = PBXGroup;
			children = (
				FA2D24AC26420FFC00B0D16F /* Fun_Fitness.app */,
				FA2D24C226420FFE00B0D16F /* Fun_FitnessTests.xctest */,
				FA2D24CD26420FFE00B0D16F /* Fun_FitnessUITests.xctest */,
			);
			name = Products;
			sourceTree = "<group>";
		};
		FA2D24AE26420FFC00B0D16F /* Fun_Fitness */ = {
			isa = PBXGroup;
			children = (
				FA2D24AF26420FFC00B0D16F /* AppDelegate.swift */,
				FA2D24B126420FFC00B0D16F /* SceneDelegate.swift */,
				FA2D24B326420FFC00B0D16F /* ViewController.swift */,
				FA2D24EB2642111F00B0D16F /* Calculations 2.swift */,
				FA2D24EC2642111F00B0D16F /* Calculations.swift */,
				FA2D24EA2642111F00B0D16F /* UserProfile.swift */,
				FA2D24E22642111400B0D16F /* AddProfileViewController.swift */,
				FA3B37722643994800850991 /* ExerciseViewController.swift */,
				FA2D24B526420FFC00B0D16F /* Main.storyboard */,
				FA66F9172643D39500FE6EE0 /* MyProfileViewController.swift */,
				FA2D24B826420FFE00B0D16F /* Assets.xcassets */,
				FA2D24BA26420FFE00B0D16F /* LaunchScreen.storyboard */,
				FA2D24BD26420FFE00B0D16F /* Info.plist */,
			);
			path = Fun_Fitness;
			sourceTree = "<group>";
		};
		FA2D24C526420FFE00B0D16F /* Fun_FitnessTests */ = {
			isa = PBXGroup;
			children = (
				FA2D24C626420FFE00B0D16F /* Fun_FitnessTests.swift */,
				FA2D24C826420FFE00B0D16F /* Info.plist */,
			);
			path = Fun_FitnessTests;
			sourceTree = "<group>";
		};
		FA2D24D026420FFE00B0D16F /* Fun_FitnessUITests */ = {
			isa = PBXGroup;
			children = (
				FA2D24D126420FFE00B0D16F /* Fun_FitnessUITests.swift */,
				FA2D24D326420FFE00B0D16F /* Info.plist */,
			);
			path = Fun_FitnessUITests;
			sourceTree = "<group>";
		};
/* End PBXGroup section */

/* Begin PBXNativeTarget section */
		FA2D24AB26420FFC00B0D16F /* Fun_Fitness */ = {
			isa = PBXNativeTarget;
			buildConfigurationList = FA2D24D626420FFE00B0D16F /* Build configuration list for PBXNativeTarget "Fun_Fitness" */;
			buildPhases = (
				FA2D24A826420FFC00B0D16F /* Sources */,
				FA2D24A926420FFC00B0D16F /* Frameworks */,
				FA2D24AA26420FFC00B0D16F /* Resources */,
			);
			buildRules = (
			);
			dependencies = (
			);
			name = Fun_Fitness;
			productName = Fun_Fitness;
			productReference = FA2D24AC26420FFC00B0D16F /* Fun_Fitness.app */;
			productType = "com.apple.product-type.application";
		};
		FA2D24C126420FFE00B0D16F /* Fun_FitnessTests */ = {
			isa = PBXNativeTarget;
			buildConfigurationList = FA2D24D926420FFE00B0D16F /* Build configuration list for PBXNativeTarget "Fun_FitnessTests" */;
			buildPhases = (
				FA2D24BE26420FFE00B0D16F /* Sources */,
				FA2D24BF26420FFE00B0D16F /* Frameworks */,
				FA2D24C026420FFE00B0D16F /* Resources */,
			);
			buildRules = (
			);
			dependencies = (
				FA2D24C426420FFE00B0D16F /* PBXTargetDependency */,
			);
			name = Fun_FitnessTests;
			productName = Fun_FitnessTests;
			productReference = FA2D24C226420FFE00B0D16F /* Fun_FitnessTests.xctest */;
			productType = "com.apple.product-type.bundle.unit-test";
		};
		FA2D24CC26420FFE00B0D16F /* Fun_FitnessUITests */ = {
			isa = PBXNativeTarget;
			buildConfigurationList = FA2D24DC26420FFE00B0D16F /* Build configuration list for PBXNativeTarget "Fun_FitnessUITests" */;
			buildPhases = (
				FA2D24C926420FFE00B0D16F /* Sources */,
				FA2D24CA26420FFE00B0D16F /* Frameworks */,
				FA2D24CB26420FFE00B0D16F /* Resources */,
			);
			buildRules = (
			);
			dependencies = (
				FA2D24CF26420FFE00B0D16F /* PBXTargetDependency */,
			);
			name = Fun_FitnessUITests;
			productName = Fun_FitnessUITests;
			productReference = FA2D24CD26420FFE00B0D16F /* Fun_FitnessUITests.xctest */;
			productType = "com.apple.product-type.bundle.ui-testing";
		};
/* End PBXNativeTarget section */

/* Begin PBXProject section */
		FA2D24A426420FFB00B0D16F /* Project object */ = {
			isa = PBXProject;
			attributes = {
				LastSwiftUpdateCheck = 1240;
				LastUpgradeCheck = 1240;
				TargetAttributes = {
					FA2D24AB26420FFC00B0D16F = {
						CreatedOnToolsVersion = 12.4;
					};
					FA2D24C126420FFE00B0D16F = {
						CreatedOnToolsVersion = 12.4;
						TestTargetID = FA2D24AB26420FFC00B0D16F;
					};
					FA2D24CC26420FFE00B0D16F = {
						CreatedOnToolsVersion = 12.4;
						TestTargetID = FA2D24AB26420FFC00B0D16F;
					};
				};
			};
			buildConfigurationList = FA2D24A726420FFB00B0D16F /* Build configuration list for PBXProject "Fun_Fitness" */;
			compatibilityVersion = "Xcode 9.3";
			developmentRegion = en;
			hasScannedForEncodings = 0;
			knownRegions = (
				en,
				Base,
			);
			mainGroup = FA2D24A326420FFB00B0D16F;
			productRefGroup = FA2D24AD26420FFC00B0D16F /* Products */;
			projectDirPath = "";
			projectRoot = "";
			targets = (
				FA2D24AB26420FFC00B0D16F /* Fun_Fitness */,
				FA2D24C126420FFE00B0D16F /* Fun_FitnessTests */,
				FA2D24CC26420FFE00B0D16F /* Fun_FitnessUITests */,
			);
		};
/* End PBXProject section */

/* Begin PBXResourcesBuildPhase section */
		FA2D24AA26420FFC00B0D16F /* Resources */ = {
			isa = PBXResourcesBuildPhase;
			buildActionMask = 2147483647;
			files = (
				FA2D24BC26420FFE00B0D16F /* LaunchScreen.storyboard in Resources */,
				FA2D24B926420FFE00B0D16F /* Assets.xcassets in Resources */,
				FA2D24B726420FFC00B0D16F /* Main.storyboard in Resources */,
			);
			runOnlyForDeploymentPostprocessing = 0;
		};
		FA2D24C026420FFE00B0D16F /* Resources */ = {
			isa = PBXResourcesBuildPhase;
			buildActionMask = 2147483647;
			files = (
			);
			runOnlyForDeploymentPostprocessing = 0;
		};
		FA2D24CB26420FFE00B0D16F /* Resources */ = {
			isa = PBXResourcesBuildPhase;
			buildActionMask = 2147483647;
			files = (
			);
			runOnlyForDeploymentPostprocessing = 0;
		};
/* End PBXResourcesBuildPhase section */

/* Begin PBXSourcesBuildPhase section */
		FA2D24A826420FFC00B0D16F /* Sources */ = {
			isa = PBXSourcesBuildPhase;
			buildActionMask = 2147483647;
			files = (
				FA2D24B426420FFC00B0D16F /* ViewController.swift in Sources */,
				FA2D24B026420FFC00B0D16F /* AppDelegate.swift in Sources */,
				FA2D24ED2642111F00B0D16F /* UserProfile.swift in Sources */,
				FA66F9182643D39500FE6EE0 /* MyProfileViewController.swift in Sources */,
				FA2D24E32642111400B0D16F /* AddProfileViewController.swift in Sources */,
				FA2D24B226420FFC00B0D16F /* SceneDelegate.swift in Sources */,
				FA2D24EF2642111F00B0D16F /* Calculations.swift in Sources */,
				FA3B37742643994800850991 /* ExerciseViewController.swift in Sources */,
				FA2D24EE2642111F00B0D16F /* Calculations 2.swift in Sources */,
			);
			runOnlyForDeploymentPostprocessing = 0;
		};
		FA2D24BE26420FFE00B0D16F /* Sources */ = {
			isa = PBXSourcesBuildPhase;
			buildActionMask = 2147483647;
			files = (
				FA2D24C726420FFE00B0D16F /* Fun_FitnessTests.swift in Sources */,
			);
			runOnlyForDeploymentPostprocessing = 0;
		};
		FA2D24C926420FFE00B0D16F /* Sources */ = {
			isa = PBXSourcesBuildPhase;
			buildActionMask = 2147483647;
			files = (
				FA2D24D226420FFE00B0D16F /* Fun_FitnessUITests.swift in Sources */,
			);
			runOnlyForDeploymentPostprocessing = 0;
		};
/* End PBXSourcesBuildPhase section */

/* Begin PBXTargetDependency section */
		FA2D24C426420FFE00B0D16F /* PBXTargetDependency */ = {
			isa = PBXTargetDependency;
			target = FA2D24AB26420FFC00B0D16F /* Fun_Fitness */;
			targetProxy = FA2D24C326420FFE00B0D16F /* PBXContainerItemProxy */;
		};
		FA2D24CF26420FFE00B0D16F /* PBXTargetDependency */ = {
			isa = PBXTargetDependency;
			target = FA2D24AB26420FFC00B0D16F /* Fun_Fitness */;
			targetProxy = FA2D24CE26420FFE00B0D16F /* PBXContainerItemProxy */;
		};
/* End PBXTargetDependency section */

/* Begin PBXVariantGroup section */
		FA2D24B526420FFC00B0D16F /* Main.storyboard */ = {
			isa = PBXVariantGroup;
			children = (
				FA2D24B626420FFC00B0D16F /* Base */,
			);
			name = Main.storyboard;
			sourceTree = "<group>";
		};
		FA2D24BA26420FFE00B0D16F /* LaunchScreen.storyboard */ = {
			isa = PBXVariantGroup;
			children = (
				FA2D24BB26420FFE00B0D16F /* Base */,
			);
			name = LaunchScreen.storyboard;
			sourceTree = "<group>";
		};
/* End PBXVariantGroup section */

/* Begin XCBuildConfiguration section */
		FA2D24D426420FFE00B0D16F /* Debug */ = {
			isa = XCBuildConfiguration;
			buildSettings = {
				ALWAYS_SEARCH_USER_PATHS = NO;
				CLANG_ANALYZER_NONNULL = YES;
				CLANG_ANALYZER_NUMBER_OBJECT_CONVERSION = YES_AGGRESSIVE;
				CLANG_CXX_LANGUAGE_STANDARD = "gnu++14";
				CLANG_CXX_LIBRARY = "libc++";
				CLANG_ENABLE_MODULES = YES;
				CLANG_ENABLE_OBJC_ARC = YES;
				CLANG_ENABLE_OBJC_WEAK = YES;
				CLANG_WARN_BLOCK_CAPTURE_AUTORELEASING = YES;
				CLANG_WARN_BOOL_CONVERSION = YES;
				CLANG_WARN_COMMA = YES;
				CLANG_WARN_CONSTANT_CONVERSION = YES;
				CLANG_WARN_DEPRECATED_OBJC_IMPLEMENTATIONS = YES;
				CLANG_WARN_DIRECT_OBJC_ISA_USAGE = YES_ERROR;
				CLANG_WARN_DOCUMENTATION_COMMENTS = YES;
				CLANG_WARN_EMPTY_BODY = YES;
				CLANG_WARN_ENUM_CONVERSION = YES;
				CLANG_WARN_INFINITE_RECURSION = YES;
				CLANG_WARN_INT_CONVERSION = YES;
				CLANG_WARN_NON_LITERAL_NULL_CONVERSION = YES;
				CLANG_WARN_OBJC_IMPLICIT_RETAIN_SELF = YES;
				CLANG_WARN_OBJC_LITERAL_CONVERSION = YES;
				CLANG_WARN_OBJC_ROOT_CLASS = YES_ERROR;
				CLANG_WARN_QUOTED_INCLUDE_IN_FRAMEWORK_HEADER = YES;
				CLANG_WARN_RANGE_LOOP_ANALYSIS = YES;
				CLANG_WARN_STRICT_PROTOTYPES = YES;
				CLANG_WARN_SUSPICIOUS_MOVE = YES;
				CLANG_WARN_UNGUARDED_AVAILABILITY = YES_AGGRESSIVE;
				CLANG_WARN_UNREACHABLE_CODE = YES;
				CLANG_WARN__DUPLICATE_METHOD_MATCH = YES;
				COPY_PHASE_STRIP = NO;
				DEBUG_INFORMATION_FORMAT = dwarf;
				ENABLE_STRICT_OBJC_MSGSEND = YES;
				ENABLE_TESTABILITY = YES;
				GCC_C_LANGUAGE_STANDARD = gnu11;
				GCC_DYNAMIC_NO_PIC = NO;
				GCC_NO_COMMON_BLOCKS = YES;
				GCC_OPTIMIZATION_LEVEL = 0;
				GCC_PREPROCESSOR_DEFINITIONS = (
					"DEBUG=1",
					"$(inherited)",
				);
				GCC_WARN_64_TO_32_BIT_CONVERSION = YES;
				GCC_WARN_ABOUT_RETURN_TYPE = YES_ERROR;
				GCC_WARN_UNDECLARED_SELECTOR = YES;
				GCC_WARN_UNINITIALIZED_AUTOS = YES_AGGRESSIVE;
				GCC_WARN_UNUSED_FUNCTION = YES;
				GCC_WARN_UNUSED_VARIABLE = YES;
				IPHONEOS_DEPLOYMENT_TARGET = 14.4;
				MTL_ENABLE_DEBUG_INFO = INCLUDE_SOURCE;
				MTL_FAST_MATH = YES;
				ONLY_ACTIVE_ARCH = YES;
				SDKROOT = iphoneos;
				SWIFT_ACTIVE_COMPILATION_CONDITIONS = DEBUG;
				SWIFT_OPTIMIZATION_LEVEL = "-Onone";
			};
			name = Debug;
		};
		FA2D24D526420FFE00B0D16F /* Release */ = {
			isa = XCBuildConfiguration;
			buildSettings = {
				ALWAYS_SEARCH_USER_PATHS = NO;
				CLANG_ANALYZER_NONNULL = YES;
				CLANG_ANALYZER_NUMBER_OBJECT_CONVERSION = YES_AGGRESSIVE;
				CLANG_CXX_LANGUAGE_STANDARD = "gnu++14";
				CLANG_CXX_LIBRARY = "libc++";
				CLANG_ENABLE_MODULES = YES;
				CLANG_ENABLE_OBJC_ARC = YES;
				CLANG_ENABLE_OBJC_WEAK = YES;
				CLANG_WARN_BLOCK_CAPTURE_AUTORELEASING = YES;
				CLANG_WARN_BOOL_CONVERSION = YES;
				CLANG_WARN_COMMA = YES;
				CLANG_WARN_CONSTANT_CONVERSION = YES;
				CLANG_WARN_DEPRECATED_OBJC_IMPLEMENTATIONS = YES;
				CLANG_WARN_DIRECT_OBJC_ISA_USAGE = YES_ERROR;
				CLANG_WARN_DOCUMENTATION_COMMENTS = YES;
				CLANG_WARN_EMPTY_BODY = YES;
				CLANG_WARN_ENUM_CONVERSION = YES;
				CLANG_WARN_INFINITE_RECURSION = YES;
				CLANG_WARN_INT_CONVERSION = YES;
				CLANG_WARN_NON_LITERAL_NULL_CONVERSION = YES;
				CLANG_WARN_OBJC_IMPLICIT_RETAIN_SELF = YES;
				CLANG_WARN_OBJC_LITERAL_CONVERSION = YES;
				CLANG_WARN_OBJC_ROOT_CLASS = YES_ERROR;
				CLANG_WARN_QUOTED_INCLUDE_IN_FRAMEWORK_HEADER = YES;
				CLANG_WARN_RANGE_LOOP_ANALYSIS = YES;
				CLANG_WARN_STRICT_PROTOTYPES = YES;
				CLANG_WARN_SUSPICIOUS_MOVE = YES;
				CLANG_WARN_UNGUARDED_AVAILABILITY = YES_AGGRESSIVE;
				CLANG_WARN_UNREACHABLE_CODE = YES;
				CLANG_WARN__DUPLICATE_METHOD_MATCH = YES;
				COPY_PHASE_STRIP = NO;
				DEBUG_INFORMATION_FORMAT = "dwarf-with-dsym";
				ENABLE_NS_ASSERTIONS = NO;
				ENABLE_STRICT_OBJC_MSGSEND = YES;
				GCC_C_LANGUAGE_STANDARD = gnu11;
				GCC_NO_COMMON_BLOCKS = YES;
				GCC_WARN_64_TO_32_BIT_CONVERSION = YES;
				GCC_WARN_ABOUT_RETURN_TYPE = YES_ERROR;
				GCC_WARN_UNDECLARED_SELECTOR = YES;
				GCC_WARN_UNINITIALIZED_AUTOS = YES_AGGRESSIVE;
				GCC_WARN_UNUSED_FUNCTION = YES;
				GCC_WARN_UNUSED_VARIABLE = YES;
				IPHONEOS_DEPLOYMENT_TARGET = 14.4;
				MTL_ENABLE_DEBUG_INFO = NO;
				MTL_FAST_MATH = YES;
				SDKROOT = iphoneos;
				SWIFT_COMPILATION_MODE = wholemodule;
				SWIFT_OPTIMIZATION_LEVEL = "-O";
				VALIDATE_PRODUCT = YES;
			};
			name = Release;
		};
		FA2D24D726420FFE00B0D16F /* Debug */ = {
			isa = XCBuildConfiguration;
			buildSettings = {
				ASSETCATALOG_COMPILER_APPICON_NAME = AppIcon;
				ASSETCATALOG_COMPILER_GLOBAL_ACCENT_COLOR_NAME = AccentColor;
				CODE_SIGN_STYLE = Automatic;
				INFOPLIST_FILE = Fun_Fitness/Info.plist;
				LD_RUNPATH_SEARCH_PATHS = (
					"$(inherited)",
					"@executable_path/Frameworks",
				);
				PRODUCT_BUNDLE_IDENTIFIER = "Group8.Fun-Fitness";
				PRODUCT_NAME = "$(TARGET_NAME)";
				SWIFT_VERSION = 5.0;
				TARGETED_DEVICE_FAMILY = "1,2";
			};
			name = Debug;
		};
		FA2D24D826420FFE00B0D16F /* Release */ = {
			isa = XCBuildConfiguration;
			buildSettings = {
				ASSETCATALOG_COMPILER_APPICON_NAME = AppIcon;
				ASSETCATALOG_COMPILER_GLOBAL_ACCENT_COLOR_NAME = AccentColor;
				CODE_SIGN_STYLE = Automatic;
				INFOPLIST_FILE = Fun_Fitness/Info.plist;
				LD_RUNPATH_SEARCH_PATHS = (
					"$(inherited)",
					"@executable_path/Frameworks",
				);
				PRODUCT_BUNDLE_IDENTIFIER = "Group8.Fun-Fitness";
				PRODUCT_NAME = "$(TARGET_NAME)";
				SWIFT_VERSION = 5.0;
				TARGETED_DEVICE_FAMILY = "1,2";
			};
			name = Release;
		};
		FA2D24DA26420FFE00B0D16F /* Debug */ = {
			isa = XCBuildConfiguration;
			buildSettings = {
				ALWAYS_EMBED_SWIFT_STANDARD_LIBRARIES = YES;
				BUNDLE_LOADER = "$(TEST_HOST)";
				CODE_SIGN_STYLE = Automatic;
				INFOPLIST_FILE = Fun_FitnessTests/Info.plist;
				IPHONEOS_DEPLOYMENT_TARGET = 14.4;
				LD_RUNPATH_SEARCH_PATHS = (
					"$(inherited)",
					"@executable_path/Frameworks",
					"@loader_path/Frameworks",
				);
				PRODUCT_BUNDLE_IDENTIFIER = "Group8.Fun-FitnessTests";
				PRODUCT_NAME = "$(TARGET_NAME)";
				SWIFT_VERSION = 5.0;
				TARGETED_DEVICE_FAMILY = "1,2";
				TEST_HOST = "$(BUILT_PRODUCTS_DIR)/Fun_Fitness.app/Fun_Fitness";
			};
			name = Debug;
		};
		FA2D24DB26420FFE00B0D16F /* Release */ = {
			isa = XCBuildConfiguration;
			buildSettings = {
				ALWAYS_EMBED_SWIFT_STANDARD_LIBRARIES = YES;
				BUNDLE_LOADER = "$(TEST_HOST)";
				CODE_SIGN_STYLE = Automatic;
				INFOPLIST_FILE = Fun_FitnessTests/Info.plist;
				IPHONEOS_DEPLOYMENT_TARGET = 14.4;
				LD_RUNPATH_SEARCH_PATHS = (
					"$(inherited)",
					"@executable_path/Frameworks",
					"@loader_path/Frameworks",
				);
				PRODUCT_BUNDLE_IDENTIFIER = "Group8.Fun-FitnessTests";
				PRODUCT_NAME = "$(TARGET_NAME)";
				SWIFT_VERSION = 5.0;
				TARGETED_DEVICE_FAMILY = "1,2";
				TEST_HOST = "$(BUILT_PRODUCTS_DIR)/Fun_Fitness.app/Fun_Fitness";
			};
			name = Release;
		};
		FA2D24DD26420FFE00B0D16F /* Debug */ = {
			isa = XCBuildConfiguration;
			buildSettings = {
				ALWAYS_EMBED_SWIFT_STANDARD_LIBRARIES = YES;
				CODE_SIGN_STYLE = Automatic;
				INFOPLIST_FILE = Fun_FitnessUITests/Info.plist;
				LD_RUNPATH_SEARCH_PATHS = (
					"$(inherited)",
					"@executable_path/Frameworks",
					"@loader_path/Frameworks",
				);
				PRODUCT_BUNDLE_IDENTIFIER = "Group8.Fun-FitnessUITests";
				PRODUCT_NAME = "$(TARGET_NAME)";
				SWIFT_VERSION = 5.0;
				TARGETED_DEVICE_FAMILY = "1,2";
				TEST_TARGET_NAME = Fun_Fitness;
			};
			name = Debug;
		};
		FA2D24DE26420FFE00B0D16F /* Release */ = {
			isa = XCBuildConfiguration;
			buildSettings = {
				ALWAYS_EMBED_SWIFT_STANDARD_LIBRARIES = YES;
				CODE_SIGN_STYLE = Automatic;
				INFOPLIST_FILE = Fun_FitnessUITests/Info.plist;
				LD_RUNPATH_SEARCH_PATHS = (
					"$(inherited)",
					"@executable_path/Frameworks",
					"@loader_path/Frameworks",
				);
				PRODUCT_BUNDLE_IDENTIFIER = "Group8.Fun-FitnessUITests";
				PRODUCT_NAME = "$(TARGET_NAME)";
				SWIFT_VERSION = 5.0;
				TARGETED_DEVICE_FAMILY = "1,2";
				TEST_TARGET_NAME = Fun_Fitness;
			};
			name = Release;
		};
/* End XCBuildConfiguration section */

/* Begin XCConfigurationList section */
		FA2D24A726420FFB00B0D16F /* Build configuration list for PBXProject "Fun_Fitness" */ = {
			isa = XCConfigurationList;
			buildConfigurations = (
				FA2D24D426420FFE00B0D16F /* Debug */,
				FA2D24D526420FFE00B0D16F /* Release */,
			);
			defaultConfigurationIsVisible = 0;
			defaultConfigurationName = Release;
		};
		FA2D24D626420FFE00B0D16F /* Build configuration list for PBXNativeTarget "Fun_Fitness" */ = {
			isa = XCConfigurationList;
			buildConfigurations = (
				FA2D24D726420FFE00B0D16F /* Debug */,
				FA2D24D826420FFE00B0D16F /* Release */,
			);
			defaultConfigurationIsVisible = 0;
			defaultConfigurationName = Release;
		};
		FA2D24D926420FFE00B0D16F /* Build configuration list for PBXNativeTarget "Fun_FitnessTests" */ = {
			isa = XCConfigurationList;
			buildConfigurations = (
				FA2D24DA26420FFE00B0D16F /* Debug */,
				FA2D24DB26420FFE00B0D16F /* Release */,
			);
			defaultConfigurationIsVisible = 0;
			defaultConfigurationName = Release;
		};
		FA2D24DC26420FFE00B0D16F /* Build configuration list for PBXNativeTarget "Fun_FitnessUITests" */ = {
			isa = XCConfigurationList;
			buildConfigurations = (
				FA2D24DD26420FFE00B0D16F /* Debug */,
				FA2D24DE26420FFE00B0D16F /* Release */,
			);
			defaultConfigurationIsVisible = 0;
			defaultConfigurationName = Release;
		};
/* End XCConfigurationList section */
	};
	rootObject = FA2D24A426420FFB00B0D16F /* Project object */;
}
